
Microsoft Visual Studio Solution File, Format Version 12.00
# Visual Studio Version 16
VisualStudioVersion = 16.0.29920.165
MinimumVisualStudioVersion = 10.0.40219.1
Project("{FAE04EC0-301F-11D3-BF4B-00C04F79EFBC}") = "exe5_pag62_11901322_n41", "exe5_pag62_11901322_n41\exe5_pag62_11901322_n41.csproj", "{B41015AA-4830-4573-AB58-7C0B1DE5652A}"
EndProject
Global
	GlobalSection(SolutionConfigurationPlatforms) = preSolution
		Debug|Any CPU = Debug|Any CPU
		Release|Any CPU = Release|Any CPU
	EndGlobalSection
	GlobalSection(ProjectConfigurationPlatforms) = postSolution
		{B41015AA-4830-4573-AB58-7C0B1DE5652A}.Debug|Any CPU.ActiveCfg = Debug|Any CPU
		{B41015AA-4830-4573-AB58-7C0B1DE5652A}.Debug|Any CPU.Build.0 = Debug|Any CPU
		{B41015AA-4830-4573-AB58-7C0B1DE5652A}.Release|Any CPU.ActiveCfg = Release|Any CPU
		{B41015AA-4830-4573-AB58-7C0B1DE5652A}.Release|Any CPU.Build.0 = Release|Any CPU
	EndGlobalSection
	GlobalSection(SolutionProperties) = preSolution
		HideSolutionNode = FALSE
	EndGlobalSection
	GlobalSection(ExtensibilityGlobals) = postSolution
		SolutionGuid = {288C39FF-AD13-4583-BA63-B61A7C304C3C}
	EndGlobalSection
EndGlobal
