
Microsoft Visual Studio Solution File, Format Version 12.00
# Visual Studio Version 16
VisualStudioVersion = 16.0.29920.165
MinimumVisualStudioVersion = 10.0.40219.1
Project("{FAE04EC0-301F-11D3-BF4B-00C04F79EFBC}") = "exe2_pag57_11901322", "exe2_pag57_11901322\exe2_pag57_11901322.csproj", "{DE6B70CE-58C2-4893-B8CA-9591511FE9B5}"
EndProject
Global
	GlobalSection(SolutionConfigurationPlatforms) = preSolution
		Debug|Any CPU = Debug|Any CPU
		Release|Any CPU = Release|Any CPU
	EndGlobalSection
	GlobalSection(ProjectConfigurationPlatforms) = postSolution
		{DE6B70CE-58C2-4893-B8CA-9591511FE9B5}.Debug|Any CPU.ActiveCfg = Debug|Any CPU
		{DE6B70CE-58C2-4893-B8CA-9591511FE9B5}.Debug|Any CPU.Build.0 = Debug|Any CPU
		{DE6B70CE-58C2-4893-B8CA-9591511FE9B5}.Release|Any CPU.ActiveCfg = Release|Any CPU
		{DE6B70CE-58C2-4893-B8CA-9591511FE9B5}.Release|Any CPU.Build.0 = Release|Any CPU
	EndGlobalSection
	GlobalSection(SolutionProperties) = preSolution
		HideSolutionNode = FALSE
	EndGlobalSection
	GlobalSection(ExtensibilityGlobals) = postSolution
		SolutionGuid = {FC652CAC-F5AA-4BA3-8BCA-3AE0E542635D}
	EndGlobalSection
EndGlobal
