
Microsoft Visual Studio Solution File, Format Version 12.00
# Visual Studio Version 16
VisualStudioVersion = 16.0.29920.165
MinimumVisualStudioVersion = 10.0.40219.1
Project("{FAE04EC0-301F-11D3-BF4B-00C04F79EFBC}") = "atv4_pag73_11901322", "atv4_pag73_11901322\atv4_pag73_11901322.csproj", "{96471434-6171-4471-901A-39D6AB971E2E}"
EndProject
Global
	GlobalSection(SolutionConfigurationPlatforms) = preSolution
		Debug|Any CPU = Debug|Any CPU
		Release|Any CPU = Release|Any CPU
	EndGlobalSection
	GlobalSection(ProjectConfigurationPlatforms) = postSolution
		{96471434-6171-4471-901A-39D6AB971E2E}.Debug|Any CPU.ActiveCfg = Debug|Any CPU
		{96471434-6171-4471-901A-39D6AB971E2E}.Debug|Any CPU.Build.0 = Debug|Any CPU
		{96471434-6171-4471-901A-39D6AB971E2E}.Release|Any CPU.ActiveCfg = Release|Any CPU
		{96471434-6171-4471-901A-39D6AB971E2E}.Release|Any CPU.Build.0 = Release|Any CPU
	EndGlobalSection
	GlobalSection(SolutionProperties) = preSolution
		HideSolutionNode = FALSE
	EndGlobalSection
	GlobalSection(ExtensibilityGlobals) = postSolution
		SolutionGuid = {C537E87A-D161-4B2A-AF12-924A5CBD210F}
	EndGlobalSection
EndGlobal
